# THIS IS AN AUTOGENERATED FILE. DO NOT EDIT THIS FILE DIRECTLY.
# yarn lockfile v1


express-async-handler@^1.2.0:
  version "1.2.0"
  resolved "https://registry.yarnpkg.com/express-async-handler/-/express-async-handler-1.2.0.tgz#ffc9896061d90f8d2e71a2d2b8668db5b0934391"
  integrity sha512-rCSVtPXRmQSW8rmik/AIb2P0op6l7r1fMW538yyvTMltCO4xQEWMmobfrIxN2V1/mVrgxB8Az3reYF6yUZw37w==
